// !$*UTF8*$!
{
	archiveVersion = 1;
	classes = {
	};
	objectVersion = 56;
	objects = {

/* Begin PBXBuildFile section */
		146BDEE12A3B37CA00423640 /* Notes Watch App.app in Embed Watch Content */ = {isa = PBXBuildFile; fileRef = 146BDEE02A3B37CA00423640 /* Notes Watch App.app */; settings = {ATTRIBUTES = (RemoveHeadersOnCopy, ); }; };
		146BDEE62A3B37CA00423640 /* NotesApp.swift in Sources */ = {isa = PBXBuildFile; fileRef = 146BDEE52A3B37CA00423640 /* NotesApp.swift */; };
		146BDEE82A3B37CA00423640 /* ContentView.swift in Sources */ = {isa = PBXBuildFile; fileRef = 146BDEE72A3B37CA00423640 /* ContentView.swift */; };
		146BDEEA2A3B37CB00423640 /* Assets.xcassets in Resources */ = {isa = PBXBuildFile; fileRef = 146BDEE92A3B37CB00423640 /* Assets.xcassets */; };
		146BDEED2A3B37CB00423640 /* Preview Assets.xcassets in Resources */ = {isa = PBXBuildFile; fileRef = 146BDEEC2A3B37CB00423640 /* Preview Assets.xcassets */; };
		146BDEFA2A3B398900423640 /* Note.swift in Sources */ = {isa = PBXBuildFile; fileRef = 146BDEF92A3B398900423640 /* Note.swift */; };
		146BDEFC2A3B43EE00423640 /* DetailView.swift in Sources */ = {isa = PBXBuildFile; fileRef = 146BDEFB2A3B43EE00423640 /* DetailView.swift */; };
		146BDEFE2A3B46ED00423640 /* CreditsView.swift in Sources */ = {isa = PBXBuildFile; fileRef = 146BDEFD2A3B46ED00423640 /* CreditsView.swift */; };
		146BDF012A3B473600423640 /* HeaderView.swift in Sources */ = {isa = PBXBuildFile; fileRef = 146BDF002A3B473600423640 /* HeaderView.swift */; };
		146BDF032A3B49A000423640 /* Settings.swift in Sources */ = {isa = PBXBuildFile; fileRef = 146BDF022A3B49A000423640 /* Settings.swift */; };
/* End PBXBuildFile section */

/* Begin PBXContainerItemProxy section */
		146BDEE22A3B37CA00423640 /* PBXContainerItemProxy */ = {
			isa = PBXContainerItemProxy;
			containerPortal = 146BDED42A3B37CA00423640 /* Project object */;
			proxyType = 1;
			remoteGlobalIDString = 146BDEDF2A3B37CA00423640;
			remoteInfo = "Notes Watch App";
		};
/* End PBXContainerItemProxy section */

/* Begin PBXCopyFilesBuildPhase section */
		146BDEF32A3B37CB00423640 /* Embed Watch Content */ = {
			isa = PBXCopyFilesBuildPhase;
			buildActionMask = 2147483647;
			dstPath = "$(CONTENTS_FOLDER_PATH)/Watch";
			dstSubfolderSpec = 16;
			files = (
				146BDEE12A3B37CA00423640 /* Notes Watch App.app in Embed Watch Content */,
			);
			name = "Embed Watch Content";
			runOnlyForDeploymentPostprocessing = 0;
		};
/* End PBXCopyFilesBuildPhase section */

/* Begin PBXFileReference section */
		146BDEDA2A3B37CA00423640 /* Notes.app */ = {isa = PBXFileReference; explicitFileType = wrapper.application; includeInIndex = 0; path = Notes.app; sourceTree = BUILT_PRODUCTS_DIR; };
		146BDEE02A3B37CA00423640 /* Notes Watch App.app */ = {isa = PBXFileReference; explicitFileType = wrapper.application; includeInIndex = 0; path = "Notes Watch App.app"; sourceTree = BUILT_PRODUCTS_DIR; };
		146BDEE52A3B37CA00423640 /* NotesApp.swift */ = {isa = PBXFileReference; lastKnownFileType = sourcecode.swift; path = NotesApp.swift; sourceTree = "<group>"; };
		146BDEE72A3B37CA00423640 /* ContentView.swift */ = {isa = PBXFileReference; lastKnownFileType = sourcecode.swift; path = ContentView.swift; sourceTree = "<group>"; };
		146BDEE92A3B37CB00423640 /* Assets.xcassets */ = {isa = PBXFileReference; lastKnownFileType = folder.assetcatalog; path = Assets.xcassets; sourceTree = "<group>"; };
		146BDEEC2A3B37CB00423640 /* Preview Assets.xcassets */ = {isa = PBXFileReference; lastKnownFileType = folder.assetcatalog; path = "Preview Assets.xcassets"; sourceTree = "<group>"; };
		146BDEF92A3B398900423640 /* Note.swift */ = {isa = PBXFileReference; lastKnownFileType = sourcecode.swift; path = Note.swift; sourceTree = "<group>"; };
		146BDEFB2A3B43EE00423640 /* DetailView.swift */ = {isa = PBXFileReference; lastKnownFileType = sourcecode.swift; path = DetailView.swift; sourceTree = "<group>"; };
		146BDEFD2A3B46ED00423640 /* CreditsView.swift */ = {isa = PBXFileReference; lastKnownFileType = sourcecode.swift; path = CreditsView.swift; sourceTree = "<group>"; };
		146BDF002A3B473600423640 /* HeaderView.swift */ = {isa = PBXFileReference; lastKnownFileType = sourcecode.swift; path = HeaderView.swift; sourceTree = "<group>"; };
		146BDF022A3B49A000423640 /* Settings.swift */ = {isa = PBXFileReference; lastKnownFileType = sourcecode.swift; path = Settings.swift; sourceTree = "<group>"; };
/* End PBXFileReference section */

/* Begin PBXFrameworksBuildPhase section */
		146BDEDD2A3B37CA00423640 /* Frameworks */ = {
			isa = PBXFrameworksBuildPhase;
			buildActionMask = 2147483647;
			files = (
			);
			runOnlyForDeploymentPostprocessing = 0;
		};
/* End PBXFrameworksBuildPhase section */

/* Begin PBXGroup section */
		146BDED32A3B37CA00423640 = {
			isa = PBXGroup;
			children = (
				146BDEE42A3B37CA00423640 /* Notes Watch App */,
				146BDEDB2A3B37CA00423640 /* Products */,
			);
			sourceTree = "<group>";
		};
		146BDEDB2A3B37CA00423640 /* Products */ = {
			isa = PBXGroup;
			children = (
				146BDEDA2A3B37CA00423640 /* Notes.app */,
				146BDEE02A3B37CA00423640 /* Notes Watch App.app */,
			);
			name = Products;
			sourceTree = "<group>";
		};
		146BDEE42A3B37CA00423640 /* Notes Watch App */ = {
			isa = PBXGroup;
			children = (
				146BDEFF2A3B472A00423640 /* Component */,
				146BDEF82A3B396F00423640 /* Model */,
				146BDEE52A3B37CA00423640 /* NotesApp.swift */,
				146BDEF72A3B396600423640 /* View */,
				146BDEE92A3B37CB00423640 /* Assets.xcassets */,
				146BDEEB2A3B37CB00423640 /* Preview Content */,
			);
			path = "Notes Watch App";
			sourceTree = "<group>";
		};
		146BDEEB2A3B37CB00423640 /* Preview Content */ = {
			isa = PBXGroup;
			children = (
				146BDEEC2A3B37CB00423640 /* Preview Assets.xcassets */,
			);
			path = "Preview Content";
			sourceTree = "<group>";
		};
		146BDEF72A3B396600423640 /* View */ = {
			isa = PBXGroup;
			children = (
				146BDEE72A3B37CA00423640 /* ContentView.swift */,
				146BDEFB2A3B43EE00423640 /* DetailView.swift */,
				146BDEFD2A3B46ED00423640 /* CreditsView.swift */,
				146BDF022A3B49A000423640 /* Settings.swift */,
			);
			path = View;
			sourceTree = "<group>";
		};
		146BDEF82A3B396F00423640 /* Model */ = {
			isa = PBXGroup;
			children = (
				146BDEF92A3B398900423640 /* Note.swift */,
			);
			path = Model;
			sourceTree = "<group>";
		};
		146BDEFF2A3B472A00423640 /* Component */ = {
			isa = PBXGroup;
			children = (
				146BDF002A3B473600423640 /* HeaderView.swift */,
			);
			path = Component;
			sourceTree = "<group>";
		};
/* End PBXGroup section */

/* Begin PBXNativeTarget section */
		146BDED92A3B37CA00423640 /* Notes */ = {
			isa = PBXNativeTarget;
			buildConfigurationList = 146BDEF42A3B37CB00423640 /* Build configuration list for PBXNativeTarget "Notes" */;
			buildPhases = (
				146BDED82A3B37CA00423640 /* Resources */,
				146BDEF32A3B37CB00423640 /* Embed Watch Content */,
			);
			buildRules = (
			);
			dependencies = (
				146BDEE32A3B37CA00423640 /* PBXTargetDependency */,
			);
			name = Notes;
			productName = Notes;
			productReference = 146BDEDA2A3B37CA00423640 /* Notes.app */;
			productType = "com.apple.product-type.application.watchapp2-container";
		};
		146BDEDF2A3B37CA00423640 /* Notes Watch App */ = {
			isa = PBXNativeTarget;
			buildConfigurationList = 146BDEF02A3B37CB00423640 /* Build configuration list for PBXNativeTarget "Notes Watch App" */;
			buildPhases = (
				146BDEDC2A3B37CA00423640 /* Sources */,
				146BDEDD2A3B37CA00423640 /* Frameworks */,
				146BDEDE2A3B37CA00423640 /* Resources */,
			);
			buildRules = (
			);
			dependencies = (
			);
			name = "Notes Watch App";
			productName = "Notes Watch App";
			productReference = 146BDEE02A3B37CA00423640 /* Notes Watch App.app */;
			productType = "com.apple.product-type.application";
		};
/* End PBXNativeTarget section */

/* Begin PBXProject section */
		146BDED42A3B37CA00423640 /* Project object */ = {
			isa = PBXProject;
			attributes = {
				BuildIndependentTargetsInParallel = 1;
				LastSwiftUpdateCheck = 1430;
				LastUpgradeCheck = 1430;
				TargetAttributes = {
					146BDED92A3B37CA00423640 = {
						CreatedOnToolsVersion = 14.3;
					};
					146BDEDF2A3B37CA00423640 = {
						CreatedOnToolsVersion = 14.3;
					};
				};
			};
			buildConfigurationList = 146BDED72A3B37CA00423640 /* Build configuration list for PBXProject "Notes" */;
			compatibilityVersion = "Xcode 14.0";
			developmentRegion = en;
			hasScannedForEncodings = 0;
			knownRegions = (
				en,
				Base,
			);
			mainGroup = 146BDED32A3B37CA00423640;
			productRefGroup = 146BDEDB2A3B37CA00423640 /* Products */;
			projectDirPath = "";
			projectRoot = "";
			targets = (
				146BDED92A3B37CA00423640 /* Notes */,
				146BDEDF2A3B37CA00423640 /* Notes Watch App */,
			);
		};
/* End PBXProject section */

/* Begin PBXResourcesBuildPhase section */
		146BDED82A3B37CA00423640 /* Resources */ = {
			isa = PBXResourcesBuildPhase;
			buildActionMask = 2147483647;
			files = (
			);
			runOnlyForDeploymentPostprocessing = 0;
		};
		146BDEDE2A3B37CA00423640 /* Resources */ = {
			isa = PBXResourcesBuildPhase;
			buildActionMask = 2147483647;
			files = (
				146BDEED2A3B37CB00423640 /* Preview Assets.xcassets in Resources */,
				146BDEEA2A3B37CB00423640 /* Assets.xcassets in Resources */,
			);
			runOnlyForDeploymentPostprocessing = 0;
		};
/* End PBXResourcesBuildPhase section */

/* Begin PBXSourcesBuildPhase section */
		146BDEDC2A3B37CA00423640 /* Sources */ = {
			isa = PBXSourcesBuildPhase;
			buildActionMask = 2147483647;
			files = (
				146BDEE82A3B37CA00423640 /* ContentView.swift in Sources */,
				146BDF012A3B473600423640 /* HeaderView.swift in Sources */,
				146BDEFC2A3B43EE00423640 /* DetailView.swift in Sources */,
				146BDEE62A3B37CA00423640 /* NotesApp.swift in Sources */,
				146BDF032A3B49A000423640 /* Settings.swift in Sources */,
				146BDEFE2A3B46ED00423640 /* CreditsView.swift in Sources */,
				146BDEFA2A3B398900423640 /* Note.swift in Sources */,
			);
			runOnlyForDeploymentPostprocessing = 0;
		};
/* End PBXSourcesBuildPhase section */

/* Begin PBXTargetDependency section */
		146BDEE32A3B37CA00423640 /* PBXTargetDependency */ = {
			isa = PBXTargetDependency;
			target = 146BDEDF2A3B37CA00423640 /* Notes Watch App */;
			targetProxy = 146BDEE22A3B37CA00423640 /* PBXContainerItemProxy */;
		};
/* End PBXTargetDependency section */

/* Begin XCBuildConfiguration section */
		146BDEEE2A3B37CB00423640 /* Debug */ = {
			isa = XCBuildConfiguration;
			buildSettings = {
				ALWAYS_SEARCH_USER_PATHS = NO;
				CLANG_ANALYZER_NONNULL = YES;
				CLANG_ANALYZER_NUMBER_OBJECT_CONVERSION = YES_AGGRESSIVE;
				CLANG_CXX_LANGUAGE_STANDARD = "gnu++20";
				CLANG_ENABLE_MODULES = YES;
				CLANG_ENABLE_OBJC_ARC = YES;
				CLANG_ENABLE_OBJC_WEAK = YES;
				CLANG_WARN_BLOCK_CAPTURE_AUTORELEASING = YES;
				CLANG_WARN_BOOL_CONVERSION = YES;
				CLANG_WARN_COMMA = YES;
				CLANG_WARN_CONSTANT_CONVERSION = YES;
				CLANG_WARN_DEPRECATED_OBJC_IMPLEMENTATIONS = YES;
				CLANG_WARN_DIRECT_OBJC_ISA_USAGE = YES_ERROR;
				CLANG_WARN_DOCUMENTATION_COMMENTS = YES;
				CLANG_WARN_EMPTY_BODY = YES;
				CLANG_WARN_ENUM_CONVERSION = YES;
				CLANG_WARN_INFINITE_RECURSION = YES;
				CLANG_WARN_INT_CONVERSION = YES;
				CLANG_WARN_NON_LITERAL_NULL_CONVERSION = YES;
				CLANG_WARN_OBJC_IMPLICIT_RETAIN_SELF = YES;
				CLANG_WARN_OBJC_LITERAL_CONVERSION = YES;
				CLANG_WARN_OBJC_ROOT_CLASS = YES_ERROR;
				CLANG_WARN_QUOTED_INCLUDE_IN_FRAMEWORK_HEADER = YES;
				CLANG_WARN_RANGE_LOOP_ANALYSIS = YES;
				CLANG_WARN_STRICT_PROTOTYPES = YES;
				CLANG_WARN_SUSPICIOUS_MOVE = YES;
				CLANG_WARN_UNGUARDED_AVAILABILITY = YES_AGGRESSIVE;
				CLANG_WARN_UNREACHABLE_CODE = YES;
				CLANG_WARN__DUPLICATE_METHOD_MATCH = YES;
				COPY_PHASE_STRIP = NO;
				DEBUG_INFORMATION_FORMAT = dwarf;
				ENABLE_STRICT_OBJC_MSGSEND = YES;
				ENABLE_TESTABILITY = YES;
				GCC_C_LANGUAGE_STANDARD = gnu11;
				GCC_DYNAMIC_NO_PIC = NO;
				GCC_NO_COMMON_BLOCKS = YES;
				GCC_OPTIMIZATION_LEVEL = 0;
				GCC_PREPROCESSOR_DEFINITIONS = (
					"DEBUG=1",
					"$(inherited)",
				);
				GCC_WARN_64_TO_32_BIT_CONVERSION = YES;
				GCC_WARN_ABOUT_RETURN_TYPE = YES_ERROR;
				GCC_WARN_UNDECLARED_SELECTOR = YES;
				GCC_WARN_UNINITIALIZED_AUTOS = YES_AGGRESSIVE;
				GCC_WARN_UNUSED_FUNCTION = YES;
				GCC_WARN_UNUSED_VARIABLE = YES;
				MTL_ENABLE_DEBUG_INFO = INCLUDE_SOURCE;
				MTL_FAST_MATH = YES;
				ONLY_ACTIVE_ARCH = YES;
				SWIFT_ACTIVE_COMPILATION_CONDITIONS = DEBUG;
				SWIFT_OPTIMIZATION_LEVEL = "-Onone";
			};
			name = Debug;
		};
		146BDEEF2A3B37CB00423640 /* Release */ = {
			isa = XCBuildConfiguration;
			buildSettings = {
				ALWAYS_SEARCH_USER_PATHS = NO;
				CLANG_ANALYZER_NONNULL = YES;
				CLANG_ANALYZER_NUMBER_OBJECT_CONVERSION = YES_AGGRESSIVE;
				CLANG_CXX_LANGUAGE_STANDARD = "gnu++20";
				CLANG_ENABLE_MODULES = YES;
				CLANG_ENABLE_OBJC_ARC = YES;
				CLANG_ENABLE_OBJC_WEAK = YES;
				CLANG_WARN_BLOCK_CAPTURE_AUTORELEASING = YES;
				CLANG_WARN_BOOL_CONVERSION = YES;
				CLANG_WARN_COMMA = YES;
				CLANG_WARN_CONSTANT_CONVERSION = YES;
				CLANG_WARN_DEPRECATED_OBJC_IMPLEMENTATIONS = YES;
				CLANG_WARN_DIRECT_OBJC_ISA_USAGE = YES_ERROR;
				CLANG_WARN_DOCUMENTATION_COMMENTS = YES;
				CLANG_WARN_EMPTY_BODY = YES;
				CLANG_WARN_ENUM_CONVERSION = YES;
				CLANG_WARN_INFINITE_RECURSION = YES;
				CLANG_WARN_INT_CONVERSION = YES;
				CLANG_WARN_NON_LITERAL_NULL_CONVERSION = YES;
				CLANG_WARN_OBJC_IMPLICIT_RETAIN_SELF = YES;
				CLANG_WARN_OBJC_LITERAL_CONVERSION = YES;
				CLANG_WARN_OBJC_ROOT_CLASS = YES_ERROR;
				CLANG_WARN_QUOTED_INCLUDE_IN_FRAMEWORK_HEADER = YES;
				CLANG_WARN_RANGE_LOOP_ANALYSIS = YES;
				CLANG_WARN_STRICT_PROTOTYPES = YES;
				CLANG_WARN_SUSPICIOUS_MOVE = YES;
				CLANG_WARN_UNGUARDED_AVAILABILITY = YES_AGGRESSIVE;
				CLANG_WARN_UNREACHABLE_CODE = YES;
				CLANG_WARN__DUPLICATE_METHOD_MATCH = YES;
				COPY_PHASE_STRIP = NO;
				DEBUG_INFORMATION_FORMAT = "dwarf-with-dsym";
				ENABLE_NS_ASSERTIONS = NO;
				ENABLE_STRICT_OBJC_MSGSEND = YES;
				GCC_C_LANGUAGE_STANDARD = gnu11;
				GCC_NO_COMMON_BLOCKS = YES;
				GCC_WARN_64_TO_32_BIT_CONVERSION = YES;
				GCC_WARN_ABOUT_RETURN_TYPE = YES_ERROR;
				GCC_WARN_UNDECLARED_SELECTOR = YES;
				GCC_WARN_UNINITIALIZED_AUTOS = YES_AGGRESSIVE;
				GCC_WARN_UNUSED_FUNCTION = YES;
				GCC_WARN_UNUSED_VARIABLE = YES;
				MTL_ENABLE_DEBUG_INFO = NO;
				MTL_FAST_MATH = YES;
				SWIFT_COMPILATION_MODE = wholemodule;
				SWIFT_OPTIMIZATION_LEVEL = "-O";
			};
			name = Release;
		};
		146BDEF12A3B37CB00423640 /* Debug */ = {
			isa = XCBuildConfiguration;
			buildSettings = {
				ASSETCATALOG_COMPILER_APPICON_NAME = AppIcon;
				ASSETCATALOG_COMPILER_GLOBAL_ACCENT_COLOR_NAME = AccentColor;
				CODE_SIGN_STYLE = Automatic;
				CURRENT_PROJECT_VERSION = 1;
				DEVELOPMENT_ASSET_PATHS = "\"Notes Watch App/Preview Content\"";
				DEVELOPMENT_TEAM = 94LFJU4598;
				ENABLE_PREVIEWS = YES;
				GENERATE_INFOPLIST_FILE = YES;
				INFOPLIST_KEY_CFBundleDisplayName = Notes;
				INFOPLIST_KEY_UISupportedInterfaceOrientations = "UIInterfaceOrientationPortrait UIInterfaceOrientationPortraitUpsideDown";
				INFOPLIST_KEY_WKWatchOnly = YES;
				LD_RUNPATH_SEARCH_PATHS = (
					"$(inherited)",
					"@executable_path/Frameworks",
				);
				MARKETING_VERSION = 1.0;
				PRODUCT_BUNDLE_IDENTIFIER = com.damaren.Notes.watchkitapp;
				PRODUCT_NAME = "$(TARGET_NAME)";
				SDKROOT = watchos;
				SKIP_INSTALL = YES;
				SWIFT_EMIT_LOC_STRINGS = YES;
				SWIFT_VERSION = 5.0;
				TARGETED_DEVICE_FAMILY = 4;
				WATCHOS_DEPLOYMENT_TARGET = 9.4;
			};
			name = Debug;
		};
		146BDEF22A3B37CB00423640 /* Release */ = {
			isa = XCBuildConfiguration;
			buildSettings = {
				ASSETCATALOG_COMPILER_APPICON_NAME = AppIcon;
				ASSETCATALOG_COMPILER_GLOBAL_ACCENT_COLOR_NAME = AccentColor;
				CODE_SIGN_STYLE = Automatic;
				CURRENT_PROJECT_VERSION = 1;
				DEVELOPMENT_ASSET_PATHS = "\"Notes Watch App/Preview Content\"";
				DEVELOPMENT_TEAM = 94LFJU4598;
				ENABLE_PREVIEWS = YES;
				GENERATE_INFOPLIST_FILE = YES;
				INFOPLIST_KEY_CFBundleDisplayName = Notes;
				INFOPLIST_KEY_UISupportedInterfaceOrientations = "UIInterfaceOrientationPortrait UIInterfaceOrientationPortraitUpsideDown";
				INFOPLIST_KEY_WKWatchOnly = YES;
				LD_RUNPATH_SEARCH_PATHS = (
					"$(inherited)",
					"@executable_path/Frameworks",
				);
				MARKETING_VERSION = 1.0;
				PRODUCT_BUNDLE_IDENTIFIER = com.damaren.Notes.watchkitapp;
				PRODUCT_NAME = "$(TARGET_NAME)";
				SDKROOT = watchos;
				SKIP_INSTALL = YES;
				SWIFT_EMIT_LOC_STRINGS = YES;
				SWIFT_VERSION = 5.0;
				TARGETED_DEVICE_FAMILY = 4;
				VALIDATE_PRODUCT = YES;
				WATCHOS_DEPLOYMENT_TARGET = 9.4;
			};
			name = Release;
		};
		146BDEF52A3B37CB00423640 /* Debug */ = {
			isa = XCBuildConfiguration;
			buildSettings = {
				ALWAYS_EMBED_SWIFT_STANDARD_LIBRARIES = YES;
				CODE_SIGN_STYLE = Automatic;
				CURRENT_PROJECT_VERSION = 1;
				DEVELOPMENT_TEAM = 94LFJU4598;
				INFOPLIST_KEY_CFBundleDisplayName = Notes;
				MARKETING_VERSION = 1.0;
				PRODUCT_BUNDLE_IDENTIFIER = com.damaren.Notes;
				PRODUCT_NAME = "$(TARGET_NAME)";
				SDKROOT = iphoneos;
				SWIFT_VERSION = 5.0;
			};
			name = Debug;
		};
		146BDEF62A3B37CB00423640 /* Release */ = {
			isa = XCBuildConfiguration;
			buildSettings = {
				ALWAYS_EMBED_SWIFT_STANDARD_LIBRARIES = YES;
				CODE_SIGN_STYLE = Automatic;
				CURRENT_PROJECT_VERSION = 1;
				DEVELOPMENT_TEAM = 94LFJU4598;
				INFOPLIST_KEY_CFBundleDisplayName = Notes;
				MARKETING_VERSION = 1.0;
				PRODUCT_BUNDLE_IDENTIFIER = com.damaren.Notes;
				PRODUCT_NAME = "$(TARGET_NAME)";
				SDKROOT = iphoneos;
				SWIFT_VERSION = 5.0;
				VALIDATE_PRODUCT = YES;
			};
			name = Release;
		};
/* End XCBuildConfiguration section */

/* Begin XCConfigurationList section */
		146BDED72A3B37CA00423640 /* Build configuration list for PBXProject "Notes" */ = {
			isa = XCConfigurationList;
			buildConfigurations = (
				146BDEEE2A3B37CB00423640 /* Debug */,
				146BDEEF2A3B37CB00423640 /* Release */,
			);
			defaultConfigurationIsVisible = 0;
			defaultConfigurationName = Release;
		};
		146BDEF02A3B37CB00423640 /* Build configuration list for PBXNativeTarget "Notes Watch App" */ = {
			isa = XCConfigurationList;
			buildConfigurations = (
				146BDEF12A3B37CB00423640 /* Debug */,
				146BDEF22A3B37CB00423640 /* Release */,
			);
			defaultConfigurationIsVisible = 0;
			defaultConfigurationName = Release;
		};
		146BDEF42A3B37CB00423640 /* Build configuration list for PBXNativeTarget "Notes" */ = {
			isa = XCConfigurationList;
			buildConfigurations = (
				146BDEF52A3B37CB00423640 /* Debug */,
				146BDEF62A3B37CB00423640 /* Release */,
			);
			defaultConfigurationIsVisible = 0;
			defaultConfigurationName = Release;
		};
/* End XCConfigurationList section */
	};
	rootObject = 146BDED42A3B37CA00423640 /* Project object */;
}
